
Microsoft Visual Studio Solution File, Format Version 12.00
# Visual Studio Version 17
VisualStudioVersion = 17.3.32804.467
MinimumVisualStudioVersion = 10.0.40219.1
Project("{FAE04EC0-301F-11D3-BF4B-00C04F79EFBC}") = "AdminPanel.Repository", "AdminPanel.Repository\AdminPanel.Repository.csproj", "{962774CE-0049-4AA0-B6D0-C6FFE893C1B6}"
EndProject
Project("{FAE04EC0-301F-11D3-BF4B-00C04F79EFBC}") = "AdminPanel.Domain", "AdminPanel.Domain\AdminPanel.Domain.csproj", "{34FE99C0-6C01-480A-8CB7-B366FC921061}"
EndProject
Project("{FAE04EC0-301F-11D3-BF4B-00C04F79EFBC}") = "AdminPanel.Web", "AdminPanel.Web\AdminPanel.Web.csproj", "{B09F17B6-1E64-4243-A343-B0300A7446BB}"
EndProject
Global
	GlobalSection(SolutionConfigurationPlatforms) = preSolution
		Debug|Any CPU = Debug|Any CPU
		Release|Any CPU = Release|Any CPU
	EndGlobalSection
	GlobalSection(ProjectConfigurationPlatforms) = postSolution
		{962774CE-0049-4AA0-B6D0-C6FFE893C1B6}.Debug|Any CPU.ActiveCfg = Debug|Any CPU
		{962774CE-0049-4AA0-B6D0-C6FFE893C1B6}.Debug|Any CPU.Build.0 = Debug|Any CPU
		{962774CE-0049-4AA0-B6D0-C6FFE893C1B6}.Release|Any CPU.ActiveCfg = Release|Any CPU
		{962774CE-0049-4AA0-B6D0-C6FFE893C1B6}.Release|Any CPU.Build.0 = Release|Any CPU
		{34FE99C0-6C01-480A-8CB7-B366FC921061}.Debug|Any CPU.ActiveCfg = Debug|Any CPU
		{34FE99C0-6C01-480A-8CB7-B366FC921061}.Debug|Any CPU.Build.0 = Debug|Any CPU
		{34FE99C0-6C01-480A-8CB7-B366FC921061}.Release|Any CPU.ActiveCfg = Release|Any CPU
		{34FE99C0-6C01-480A-8CB7-B366FC921061}.Release|Any CPU.Build.0 = Release|Any CPU
		{B09F17B6-1E64-4243-A343-B0300A7446BB}.Debug|Any CPU.ActiveCfg = Debug|Any CPU
		{B09F17B6-1E64-4243-A343-B0300A7446BB}.Debug|Any CPU.Build.0 = Debug|Any CPU
		{B09F17B6-1E64-4243-A343-B0300A7446BB}.Release|Any CPU.ActiveCfg = Release|Any CPU
		{B09F17B6-1E64-4243-A343-B0300A7446BB}.Release|Any CPU.Build.0 = Release|Any CPU
	EndGlobalSection
	GlobalSection(SolutionProperties) = preSolution
		HideSolutionNode = FALSE
	EndGlobalSection
	GlobalSection(ExtensibilityGlobals) = postSolution
		SolutionGuid = {975CD2E2-A9D3-4143-A52F-B137BE785D1C}
	EndGlobalSection
EndGlobal
